
Microsoft Visual Studio Solution File, Format Version 12.00
# Visual Studio Version 16
VisualStudioVersion = 25.0.1706.14
MinimumVisualStudioVersion = 10.0.40219.1
Project("{FAE04EC0-301F-11D3-BF4B-00C04F79EFBC}") = "Camilla-Mini-Project-v48", "Camilla-Mini-Project-v48.csproj", "{BE9F66EE-BB28-48FA-BAE6-D07D1C5FB620}"
EndProject
Global
	GlobalSection(SolutionConfigurationPlatforms) = preSolution
		Debug|Any CPU = Debug|Any CPU
		Release|Any CPU = Release|Any CPU
	EndGlobalSection
	GlobalSection(ProjectConfigurationPlatforms) = postSolution
		{BE9F66EE-BB28-48FA-BAE6-D07D1C5FB620}.Debug|Any CPU.ActiveCfg = Debug|Any CPU
		{BE9F66EE-BB28-48FA-BAE6-D07D1C5FB620}.Debug|Any CPU.Build.0 = Debug|Any CPU
		{BE9F66EE-BB28-48FA-BAE6-D07D1C5FB620}.Release|Any CPU.ActiveCfg = Release|Any CPU
		{BE9F66EE-BB28-48FA-BAE6-D07D1C5FB620}.Release|Any CPU.Build.0 = Release|Any CPU
	EndGlobalSection
	GlobalSection(SolutionProperties) = preSolution
		HideSolutionNode = FALSE
	EndGlobalSection
	GlobalSection(ExtensibilityGlobals) = postSolution
		SolutionGuid = {8F4112C1-F3C4-4FE1-B000-AA2E2A3C4298}
	EndGlobalSection
EndGlobal
